
Microsoft Visual Studio Solution File, Format Version 12.00
# Visual Studio Version 17
VisualStudioVersion = 17.0.31903.59
MinimumVisualStudioVersion = 10.0.40219.1
Project("{FAE04EC0-301F-11D3-BF4B-00C04F79EFBC}") = "frontend", "frontend\frontend.csproj", "{4E7EEC9F-15E9-415D-9D27-A4E214D007D8}"
EndProject
Project("{FAE04EC0-301F-11D3-BF4B-00C04F79EFBC}") = "shared", "shared\shared.csproj", "{94091CFF-F72D-4D52-8D83-02B51EEE9352}"
EndProject
Project("{FAE04EC0-301F-11D3-BF4B-00C04F79EFBC}") = "backend", "backend\backend.csproj", "{358918E2-9A9A-46A4-B430-91CFA9478EB5}"
EndProject
Project("{FAE04EC0-301F-11D3-BF4B-00C04F79EFBC}") = "Hermes.Tests", "Hermes.Tests\Hermes.Tests.csproj", "{AD6EA296-DFDD-4292-986D-62F00F1CD32C}"
EndProject
Global
	GlobalSection(SolutionConfigurationPlatforms) = preSolution
		Debug|Any CPU = Debug|Any CPU
		Debug|x64 = Debug|x64
		Debug|x86 = Debug|x86
		Release|Any CPU = Release|Any CPU
		Release|x64 = Release|x64
		Release|x86 = Release|x86
	EndGlobalSection
	GlobalSection(ProjectConfigurationPlatforms) = postSolution
		{4E7EEC9F-15E9-415D-9D27-A4E214D007D8}.Debug|Any CPU.ActiveCfg = Debug|Any CPU
		{4E7EEC9F-15E9-415D-9D27-A4E214D007D8}.Debug|Any CPU.Build.0 = Debug|Any CPU
		{4E7EEC9F-15E9-415D-9D27-A4E214D007D8}.Debug|x64.ActiveCfg = Debug|Any CPU
		{4E7EEC9F-15E9-415D-9D27-A4E214D007D8}.Debug|x64.Build.0 = Debug|Any CPU
		{4E7EEC9F-15E9-415D-9D27-A4E214D007D8}.Debug|x86.ActiveCfg = Debug|Any CPU
		{4E7EEC9F-15E9-415D-9D27-A4E214D007D8}.Debug|x86.Build.0 = Debug|Any CPU
		{4E7EEC9F-15E9-415D-9D27-A4E214D007D8}.Release|Any CPU.ActiveCfg = Debug|Any CPU
		{4E7EEC9F-15E9-415D-9D27-A4E214D007D8}.Release|Any CPU.Build.0 = Debug|Any CPU
		{4E7EEC9F-15E9-415D-9D27-A4E214D007D8}.Release|x64.ActiveCfg = Debug|Any CPU
		{4E7EEC9F-15E9-415D-9D27-A4E214D007D8}.Release|x64.Build.0 = Debug|Any CPU
		{4E7EEC9F-15E9-415D-9D27-A4E214D007D8}.Release|x86.ActiveCfg = Debug|Any CPU
		{4E7EEC9F-15E9-415D-9D27-A4E214D007D8}.Release|x86.Build.0 = Debug|Any CPU
		{94091CFF-F72D-4D52-8D83-02B51EEE9352}.Debug|Any CPU.ActiveCfg = Debug|Any CPU
		{94091CFF-F72D-4D52-8D83-02B51EEE9352}.Debug|Any CPU.Build.0 = Debug|Any CPU
		{94091CFF-F72D-4D52-8D83-02B51EEE9352}.Debug|x64.ActiveCfg = Debug|Any CPU
		{94091CFF-F72D-4D52-8D83-02B51EEE9352}.Debug|x64.Build.0 = Debug|Any CPU
		{94091CFF-F72D-4D52-8D83-02B51EEE9352}.Debug|x86.ActiveCfg = Debug|Any CPU
		{94091CFF-F72D-4D52-8D83-02B51EEE9352}.Debug|x86.Build.0 = Debug|Any CPU
		{94091CFF-F72D-4D52-8D83-02B51EEE9352}.Release|Any CPU.ActiveCfg = Release|Any CPU
		{94091CFF-F72D-4D52-8D83-02B51EEE9352}.Release|Any CPU.Build.0 = Release|Any CPU
		{94091CFF-F72D-4D52-8D83-02B51EEE9352}.Release|x64.ActiveCfg = Release|Any CPU
		{94091CFF-F72D-4D52-8D83-02B51EEE9352}.Release|x64.Build.0 = Release|Any CPU
		{94091CFF-F72D-4D52-8D83-02B51EEE9352}.Release|x86.ActiveCfg = Release|Any CPU
		{94091CFF-F72D-4D52-8D83-02B51EEE9352}.Release|x86.Build.0 = Release|Any CPU
		{358918E2-9A9A-46A4-B430-91CFA9478EB5}.Debug|Any CPU.ActiveCfg = Debug|Any CPU
		{358918E2-9A9A-46A4-B430-91CFA9478EB5}.Debug|Any CPU.Build.0 = Debug|Any CPU
		{358918E2-9A9A-46A4-B430-91CFA9478EB5}.Debug|x64.ActiveCfg = Debug|Any CPU
		{358918E2-9A9A-46A4-B430-91CFA9478EB5}.Debug|x64.Build.0 = Debug|Any CPU
		{358918E2-9A9A-46A4-B430-91CFA9478EB5}.Debug|x86.ActiveCfg = Debug|Any CPU
		{358918E2-9A9A-46A4-B430-91CFA9478EB5}.Debug|x86.Build.0 = Debug|Any CPU
		{358918E2-9A9A-46A4-B430-91CFA9478EB5}.Release|Any CPU.ActiveCfg = Release|Any CPU
		{358918E2-9A9A-46A4-B430-91CFA9478EB5}.Release|Any CPU.Build.0 = Release|Any CPU
		{358918E2-9A9A-46A4-B430-91CFA9478EB5}.Release|x64.ActiveCfg = Release|Any CPU
		{358918E2-9A9A-46A4-B430-91CFA9478EB5}.Release|x64.Build.0 = Release|Any CPU
		{358918E2-9A9A-46A4-B430-91CFA9478EB5}.Release|x86.ActiveCfg = Release|Any CPU
		{358918E2-9A9A-46A4-B430-91CFA9478EB5}.Release|x86.Build.0 = Release|Any CPU
		{AD6EA296-DFDD-4292-986D-62F00F1CD32C}.Debug|Any CPU.ActiveCfg = Debug|Any CPU
		{AD6EA296-DFDD-4292-986D-62F00F1CD32C}.Debug|Any CPU.Build.0 = Debug|Any CPU
		{AD6EA296-DFDD-4292-986D-62F00F1CD32C}.Debug|x64.ActiveCfg = Debug|Any CPU
		{AD6EA296-DFDD-4292-986D-62F00F1CD32C}.Debug|x64.Build.0 = Debug|Any CPU
		{AD6EA296-DFDD-4292-986D-62F00F1CD32C}.Debug|x86.ActiveCfg = Debug|Any CPU
		{AD6EA296-DFDD-4292-986D-62F00F1CD32C}.Debug|x86.Build.0 = Debug|Any CPU
		{AD6EA296-DFDD-4292-986D-62F00F1CD32C}.Release|Any CPU.ActiveCfg = Release|Any CPU
		{AD6EA296-DFDD-4292-986D-62F00F1CD32C}.Release|Any CPU.Build.0 = Release|Any CPU
		{AD6EA296-DFDD-4292-986D-62F00F1CD32C}.Release|x64.ActiveCfg = Release|Any CPU
		{AD6EA296-DFDD-4292-986D-62F00F1CD32C}.Release|x64.Build.0 = Release|Any CPU
		{AD6EA296-DFDD-4292-986D-62F00F1CD32C}.Release|x86.ActiveCfg = Release|Any CPU
		{AD6EA296-DFDD-4292-986D-62F00F1CD32C}.Release|x86.Build.0 = Release|Any CPU
	EndGlobalSection
	GlobalSection(SolutionProperties) = preSolution
		HideSolutionNode = FALSE
	EndGlobalSection
EndGlobal
